
Microsoft Visual Studio Solution File, Format Version 12.00
# Visual Studio Version 17
VisualStudioVersion = 17.9.34902.65
MinimumVisualStudioVersion = 10.0.40219.1
Project("{FAE04EC0-301F-11D3-BF4B-00C04F79EFBC}") = "RSAEncryption", "RSAEncryption\RSAEncryption.csproj", "{AF0730E8-4CE6-4737-8778-23B5EC5835DD}"
EndProject
Global
	GlobalSection(SolutionConfigurationPlatforms) = preSolution
		Debug|Any CPU = Debug|Any CPU
		Release|Any CPU = Release|Any CPU
	EndGlobalSection
	GlobalSection(ProjectConfigurationPlatforms) = postSolution
		{AF0730E8-4CE6-4737-8778-23B5EC5835DD}.Debug|Any CPU.ActiveCfg = Debug|Any CPU
		{AF0730E8-4CE6-4737-8778-23B5EC5835DD}.Debug|Any CPU.Build.0 = Debug|Any CPU
		{AF0730E8-4CE6-4737-8778-23B5EC5835DD}.Release|Any CPU.ActiveCfg = Release|Any CPU
		{AF0730E8-4CE6-4737-8778-23B5EC5835DD}.Release|Any CPU.Build.0 = Release|Any CPU
	EndGlobalSection
	GlobalSection(SolutionProperties) = preSolution
		HideSolutionNode = FALSE
	EndGlobalSection
	GlobalSection(ExtensibilityGlobals) = postSolution
		SolutionGuid = {CAE2C925-14E3-4467-AE15-3894CDD9E9C0}
	EndGlobalSection
EndGlobal
